// !$*UTF8*$!
{
	archiveVersion = 1;
	classes = {
	};
	objectVersion = 46;
	objects = {

/* Begin PBXBuildFile section */
		DA8A16A71A3750C900595A94 /* AppDelegate.swift in Sources */ = {isa = PBXBuildFile; fileRef = DA8A16A61A3750C900595A94 /* AppDelegate.swift */; };
		DA8A16A91A3750C900595A94 /* ViewController.swift in Sources */ = {isa = PBXBuildFile; fileRef = DA8A16A81A3750C900595A94 /* ViewController.swift */; };
		DA8A16AC1A3750C900595A94 /* Main.storyboard in Resources */ = {isa = PBXBuildFile; fileRef = DA8A16AA1A3750C900595A94 /* Main.storyboard */; };
		DA8A16AE1A3750C900595A94 /* Images.xcassets in Resources */ = {isa = PBXBuildFile; fileRef = DA8A16AD1A3750C900595A94 /* Images.xcassets */; };
		DA8A16B11A3750C900595A94 /* LaunchScreen.xib in Resources */ = {isa = PBXBuildFile; fileRef = DA8A16AF1A3750C900595A94 /* LaunchScreen.xib */; };
		DA8A16BD1A3750C900595A94 /* Pitch_PerfectTests.swift in Sources */ = {isa = PBXBuildFile; fileRef = DA8A16BC1A3750C900595A94 /* Pitch_PerfectTests.swift */; };
		DA8A16C71A38A3C100595A94 /* PlaySoundsViewController.swift in Sources */ = {isa = PBXBuildFile; fileRef = DA8A16C61A38A3C100595A94 /* PlaySoundsViewController.swift */; };
		DA8A16C91A38A9D900595A94 /* movie_quote.mp3 in Resources */ = {isa = PBXBuildFile; fileRef = DA8A16C81A38A9D900595A94 /* movie_quote.mp3 */; };
/* End PBXBuildFile section */

/* Begin PBXContainerItemProxy section */
		DA8A16B71A3750C900595A94 /* PBXContainerItemProxy */ = {
			isa = PBXContainerItemProxy;
			containerPortal = DA8A16991A3750C900595A94 /* Project object */;
			proxyType = 1;
			remoteGlobalIDString = DA8A16A01A3750C900595A94;
			remoteInfo = "Pitch Perfect";
		};
/* End PBXContainerItemProxy section */

/* Begin PBXFileReference section */
		DA8A16A11A3750C900595A94 /* Pitch Perfect.app */ = {isa = PBXFileReference; explicitFileType = wrapper.application; includeInIndex = 0; path = "Pitch Perfect.app"; sourceTree = BUILT_PRODUCTS_DIR; };
		DA8A16A51A3750C900595A94 /* Info.plist */ = {isa = PBXFileReference; lastKnownFileType = text.plist.xml; path = Info.plist; sourceTree = "<group>"; };
		DA8A16A61A3750C900595A94 /* AppDelegate.swift */ = {isa = PBXFileReference; lastKnownFileType = sourcecode.swift; path = AppDelegate.swift; sourceTree = "<group>"; };
		DA8A16A81A3750C900595A94 /* ViewController.swift */ = {isa = PBXFileReference; lastKnownFileType = sourcecode.swift; path = ViewController.swift; sourceTree = "<group>"; };
		DA8A16AB1A3750C900595A94 /* Base */ = {isa = PBXFileReference; lastKnownFileType = file.storyboard; name = Base; path = Base.lproj/Main.storyboard; sourceTree = "<group>"; };
		DA8A16AD1A3750C900595A94 /* Images.xcassets */ = {isa = PBXFileReference; lastKnownFileType = folder.assetcatalog; path = Images.xcassets; sourceTree = "<group>"; };
		DA8A16B01A3750C900595A94 /* Base */ = {isa = PBXFileReference; lastKnownFileType = file.xib; name = Base; path = Base.lproj/LaunchScreen.xib; sourceTree = "<group>"; };
		DA8A16B61A3750C900595A94 /* Pitch PerfectTests.xctest */ = {isa = PBXFileReference; explicitFileType = wrapper.cfbundle; includeInIndex = 0; path = "Pitch PerfectTests.xctest"; sourceTree = BUILT_PRODUCTS_DIR; };
		DA8A16BB1A3750C900595A94 /* Info.plist */ = {isa = PBXFileReference; lastKnownFileType = text.plist.xml; path = Info.plist; sourceTree = "<group>"; };
		DA8A16BC1A3750C900595A94 /* Pitch_PerfectTests.swift */ = {isa = PBXFileReference; lastKnownFileType = sourcecode.swift; path = Pitch_PerfectTests.swift; sourceTree = "<group>"; };
		DA8A16C61A38A3C100595A94 /* PlaySoundsViewController.swift */ = {isa = PBXFileReference; fileEncoding = 4; lastKnownFileType = sourcecode.swift; path = PlaySoundsViewController.swift; sourceTree = "<group>"; };
		DA8A16C81A38A9D900595A94 /* movie_quote.mp3 */ = {isa = PBXFileReference; lastKnownFileType = audio.mp3; path = movie_quote.mp3; sourceTree = "<group>"; };
/* End PBXFileReference section */

/* Begin PBXFrameworksBuildPhase section */
		DA8A169E1A3750C900595A94 /* Frameworks */ = {
			isa = PBXFrameworksBuildPhase;
			buildActionMask = 2147483647;
			files = (
			);
			runOnlyForDeploymentPostprocessing = 0;
		};
		DA8A16B31A3750C900595A94 /* Frameworks */ = {
			isa = PBXFrameworksBuildPhase;
			buildActionMask = 2147483647;
			files = (
			);
			runOnlyForDeploymentPostprocessing = 0;
		};
/* End PBXFrameworksBuildPhase section */

/* Begin PBXGroup section */
		DA8A16981A3750C900595A94 = {
			isa = PBXGroup;
			children = (
				DA8A16A31A3750C900595A94 /* Pitch Perfect */,
				DA8A16B91A3750C900595A94 /* Pitch PerfectTests */,
				DA8A16A21A3750C900595A94 /* Products */,
			);
			sourceTree = "<group>";
		};
		DA8A16A21A3750C900595A94 /* Products */ = {
			isa = PBXGroup;
			children = (
				DA8A16A11A3750C900595A94 /* Pitch Perfect.app */,
				DA8A16B61A3750C900595A94 /* Pitch PerfectTests.xctest */,
			);
			name = Products;
			sourceTree = "<group>";
		};
		DA8A16A31A3750C900595A94 /* Pitch Perfect */ = {
			isa = PBXGroup;
			children = (
				DA8A16A61A3750C900595A94 /* AppDelegate.swift */,
				DA8A16A81A3750C900595A94 /* ViewController.swift */,
				DA8A16AA1A3750C900595A94 /* Main.storyboard */,
				DA8A16C61A38A3C100595A94 /* PlaySoundsViewController.swift */,
				DA8A16AD1A3750C900595A94 /* Images.xcassets */,
				DA8A16AF1A3750C900595A94 /* LaunchScreen.xib */,
				DA8A16A41A3750C900595A94 /* Supporting Files */,
			);
			path = "Pitch Perfect";
			sourceTree = "<group>";
		};
		DA8A16A41A3750C900595A94 /* Supporting Files */ = {
			isa = PBXGroup;
			children = (
				DA8A16C81A38A9D900595A94 /* movie_quote.mp3 */,
				DA8A16A51A3750C900595A94 /* Info.plist */,
			);
			name = "Supporting Files";
			sourceTree = "<group>";
		};
		DA8A16B91A3750C900595A94 /* Pitch PerfectTests */ = {
			isa = PBXGroup;
			children = (
				DA8A16BC1A3750C900595A94 /* Pitch_PerfectTests.swift */,
				DA8A16BA1A3750C900595A94 /* Supporting Files */,
			);
			path = "Pitch PerfectTests";
			sourceTree = "<group>";
		};
		DA8A16BA1A3750C900595A94 /* Supporting Files */ = {
			isa = PBXGroup;
			children = (
				DA8A16BB1A3750C900595A94 /* Info.plist */,
			);
			name = "Supporting Files";
			sourceTree = "<group>";
		};
/* End PBXGroup section */

/* Begin PBXNativeTarget section */
		DA8A16A01A3750C900595A94 /* Pitch Perfect */ = {
			isa = PBXNativeTarget;
			buildConfigurationList = DA8A16C01A3750C900595A94 /* Build configuration list for PBXNativeTarget "Pitch Perfect" */;
			buildPhases = (
				DA8A169D1A3750C900595A94 /* Sources */,
				DA8A169E1A3750C900595A94 /* Frameworks */,
				DA8A169F1A3750C900595A94 /* Resources */,
			);
			buildRules = (
			);
			dependencies = (
			);
			name = "Pitch Perfect";
			productName = "Pitch Perfect";
			productReference = DA8A16A11A3750C900595A94 /* Pitch Perfect.app */;
			productType = "com.apple.product-type.application";
		};
		DA8A16B51A3750C900595A94 /* Pitch PerfectTests */ = {
			isa = PBXNativeTarget;
			buildConfigurationList = DA8A16C31A3750C900595A94 /* Build configuration list for PBXNativeTarget "Pitch PerfectTests" */;
			buildPhases = (
				DA8A16B21A3750C900595A94 /* Sources */,
				DA8A16B31A3750C900595A94 /* Frameworks */,
				DA8A16B41A3750C900595A94 /* Resources */,
			);
			buildRules = (
			);
			dependencies = (
				DA8A16B81A3750C900595A94 /* PBXTargetDependency */,
			);
			name = "Pitch PerfectTests";
			productName = "Pitch PerfectTests";
			productReference = DA8A16B61A3750C900595A94 /* Pitch PerfectTests.xctest */;
			productType = "com.apple.product-type.bundle.unit-test";
		};
/* End PBXNativeTarget section */

/* Begin PBXProject section */
		DA8A16991A3750C900595A94 /* Project object */ = {
			isa = PBXProject;
			attributes = {
				LastUpgradeCheck = 0610;
				ORGANIZATIONNAME = "Lan Nguyen";
				TargetAttributes = {
					DA8A16A01A3750C900595A94 = {
						CreatedOnToolsVersion = 6.1;
					};
					DA8A16B51A3750C900595A94 = {
						CreatedOnToolsVersion = 6.1;
						TestTargetID = DA8A16A01A3750C900595A94;
					};
				};
			};
			buildConfigurationList = DA8A169C1A3750C900595A94 /* Build configuration list for PBXProject "Pitch Perfect" */;
			compatibilityVersion = "Xcode 3.2";
			developmentRegion = English;
			hasScannedForEncodings = 0;
			knownRegions = (
				en,
				Base,
			);
			mainGroup = DA8A16981A3750C900595A94;
			productRefGroup = DA8A16A21A3750C900595A94 /* Products */;
			projectDirPath = "";
			projectRoot = "";
			targets = (
				DA8A16A01A3750C900595A94 /* Pitch Perfect */,
				DA8A16B51A3750C900595A94 /* Pitch PerfectTests */,
			);
		};
/* End PBXProject section */

/* Begin PBXResourcesBuildPhase section */
		DA8A169F1A3750C900595A94 /* Resources */ = {
			isa = PBXResourcesBuildPhase;
			buildActionMask = 2147483647;
			files = (
				DA8A16AC1A3750C900595A94 /* Main.storyboard in Resources */,
				DA8A16B11A3750C900595A94 /* LaunchScreen.xib in Resources */,
				DA8A16C91A38A9D900595A94 /* movie_quote.mp3 in Resources */,
				DA8A16AE1A3750C900595A94 /* Images.xcassets in Resources */,
			);
			runOnlyForDeploymentPostprocessing = 0;
		};
		DA8A16B41A3750C900595A94 /* Resources */ = {
			isa = PBXResourcesBuildPhase;
			buildActionMask = 2147483647;
			files = (
			);
			runOnlyForDeploymentPostprocessing = 0;
		};
/* End PBXResourcesBuildPhase section */

/* Begin PBXSourcesBuildPhase section */
		DA8A169D1A3750C900595A94 /* Sources */ = {
			isa = PBXSourcesBuildPhase;
			buildActionMask = 2147483647;
			files = (
				DA8A16A91A3750C900595A94 /* ViewController.swift in Sources */,
				DA8A16C71A38A3C100595A94 /* PlaySoundsViewController.swift in Sources */,
				DA8A16A71A3750C900595A94 /* AppDelegate.swift in Sources */,
			);
			runOnlyForDeploymentPostprocessing = 0;
		};
		DA8A16B21A3750C900595A94 /* Sources */ = {
			isa = PBXSourcesBuildPhase;
			buildActionMask = 2147483647;
			files = (
				DA8A16BD1A3750C900595A94 /* Pitch_PerfectTests.swift in Sources */,
			);
			runOnlyForDeploymentPostprocessing = 0;
		};
/* End PBXSourcesBuildPhase section */

/* Begin PBXTargetDependency section */
		DA8A16B81A3750C900595A94 /* PBXTargetDependency */ = {
			isa = PBXTargetDependency;
			target = DA8A16A01A3750C900595A94 /* Pitch Perfect */;
			targetProxy = DA8A16B71A3750C900595A94 /* PBXContainerItemProxy */;
		};
/* End PBXTargetDependency section */

/* Begin PBXVariantGroup section */
		DA8A16AA1A3750C900595A94 /* Main.storyboard */ = {
			isa = PBXVariantGroup;
			children = (
				DA8A16AB1A3750C900595A94 /* Base */,
			);
			name = Main.storyboard;
			sourceTree = "<group>";
		};
		DA8A16AF1A3750C900595A94 /* LaunchScreen.xib */ = {
			isa = PBXVariantGroup;
			children = (
				DA8A16B01A3750C900595A94 /* Base */,
			);
			name = LaunchScreen.xib;
			sourceTree = "<group>";
		};
/* End PBXVariantGroup section */

/* Begin XCBuildConfiguration section */
		DA8A16BE1A3750C900595A94 /* Debug */ = {
			isa = XCBuildConfiguration;
			buildSettings = {
				ALWAYS_SEARCH_USER_PATHS = NO;
				CLANG_CXX_LANGUAGE_STANDARD = "gnu++0x";
				CLANG_CXX_LIBRARY = "libc++";
				CLANG_ENABLE_MODULES = YES;
				CLANG_ENABLE_OBJC_ARC = YES;
				CLANG_WARN_BOOL_CONVERSION = YES;
				CLANG_WARN_CONSTANT_CONVERSION = YES;
				CLANG_WARN_DIRECT_OBJC_ISA_USAGE = YES_ERROR;
				CLANG_WARN_EMPTY_BODY = YES;
				CLANG_WARN_ENUM_CONVERSION = YES;
				CLANG_WARN_INT_CONVERSION = YES;
				CLANG_WARN_OBJC_ROOT_CLASS = YES_ERROR;
				CLANG_WARN_UNREACHABLE_CODE = YES;
				CLANG_WARN__DUPLICATE_METHOD_MATCH = YES;
				"CODE_SIGN_IDENTITY[sdk=iphoneos*]" = "iPhone Developer";
				COPY_PHASE_STRIP = NO;
				ENABLE_STRICT_OBJC_MSGSEND = YES;
				GCC_C_LANGUAGE_STANDARD = gnu99;
				GCC_DYNAMIC_NO_PIC = NO;
				GCC_OPTIMIZATION_LEVEL = 0;
				GCC_PREPROCESSOR_DEFINITIONS = (
					"DEBUG=1",
					"$(inherited)",
				);
				GCC_SYMBOLS_PRIVATE_EXTERN = NO;
				GCC_WARN_64_TO_32_BIT_CONVERSION = YES;
				GCC_WARN_ABOUT_RETURN_TYPE = YES_ERROR;
				GCC_WARN_UNDECLARED_SELECTOR = YES;
				GCC_WARN_UNINITIALIZED_AUTOS = YES_AGGRESSIVE;
				GCC_WARN_UNUSED_FUNCTION = YES;
				GCC_WARN_UNUSED_VARIABLE = YES;
				IPHONEOS_DEPLOYMENT_TARGET = 8.1;
				MTL_ENABLE_DEBUG_INFO = YES;
				ONLY_ACTIVE_ARCH = YES;
				SDKROOT = iphoneos;
				SWIFT_OPTIMIZATION_LEVEL = "-Onone";
			};
			name = Debug;
		};
		DA8A16BF1A3750C900595A94 /* Release */ = {
			isa = XCBuildConfiguration;
			buildSettings = {
				ALWAYS_SEARCH_USER_PATHS = NO;
				CLANG_CXX_LANGUAGE_STANDARD = "gnu++0x";
				CLANG_CXX_LIBRARY = "libc++";
				CLANG_ENABLE_MODULES = YES;
				CLANG_ENABLE_OBJC_ARC = YES;
				CLANG_WARN_BOOL_CONVERSION = YES;
				CLANG_WARN_CONSTANT_CONVERSION = YES;
				CLANG_WARN_DIRECT_OBJC_ISA_USAGE = YES_ERROR;
				CLANG_WARN_EMPTY_BODY = YES;
				CLANG_WARN_ENUM_CONVERSION = YES;
				CLANG_WARN_INT_CONVERSION = YES;
				CLANG_WARN_OBJC_ROOT_CLASS = YES_ERROR;
				CLANG_WARN_UNREACHABLE_CODE = YES;
				CLANG_WARN__DUPLICATE_METHOD_MATCH = YES;
				"CODE_SIGN_IDENTITY[sdk=iphoneos*]" = "iPhone Developer";
				COPY_PHASE_STRIP = YES;
				ENABLE_NS_ASSERTIONS = NO;
				ENABLE_STRICT_OBJC_MSGSEND = YES;
				GCC_C_LANGUAGE_STANDARD = gnu99;
				GCC_WARN_64_TO_32_BIT_CONVERSION = YES;
				GCC_WARN_ABOUT_RETURN_TYPE = YES_ERROR;
				GCC_WARN_UNDECLARED_SELECTOR = YES;
				GCC_WARN_UNINITIALIZED_AUTOS = YES_AGGRESSIVE;
				GCC_WARN_UNUSED_FUNCTION = YES;
				GCC_WARN_UNUSED_VARIABLE = YES;
				IPHONEOS_DEPLOYMENT_TARGET = 8.1;
				MTL_ENABLE_DEBUG_INFO = NO;
				SDKROOT = iphoneos;
				VALIDATE_PRODUCT = YES;
			};
			name = Release;
		};
		DA8A16C11A3750C900595A94 /* Debug */ = {
			isa = XCBuildConfiguration;
			buildSettings = {
				ASSETCATALOG_COMPILER_APPICON_NAME = AppIcon;
				INFOPLIST_FILE = "Pitch Perfect/Info.plist";
				LD_RUNPATH_SEARCH_PATHS = "$(inherited) @executable_path/Frameworks";
				PRODUCT_NAME = "$(TARGET_NAME)";
			};
			name = Debug;
		};
		DA8A16C21A3750C900595A94 /* Release */ = {
			isa = XCBuildConfiguration;
			buildSettings = {
				ASSETCATALOG_COMPILER_APPICON_NAME = AppIcon;
				INFOPLIST_FILE = "Pitch Perfect/Info.plist";
				LD_RUNPATH_SEARCH_PATHS = "$(inherited) @executable_path/Frameworks";
				PRODUCT_NAME = "$(TARGET_NAME)";
			};
			name = Release;
		};
		DA8A16C41A3750C900595A94 /* Debug */ = {
			isa = XCBuildConfiguration;
			buildSettings = {
				BUNDLE_LOADER = "$(TEST_HOST)";
				FRAMEWORK_SEARCH_PATHS = (
					"$(SDKROOT)/Developer/Library/Frameworks",
					"$(inherited)",
				);
				GCC_PREPROCESSOR_DEFINITIONS = (
					"DEBUG=1",
					"$(inherited)",
				);
				INFOPLIST_FILE = "Pitch PerfectTests/Info.plist";
				LD_RUNPATH_SEARCH_PATHS = "$(inherited) @executable_path/Frameworks @loader_path/Frameworks";
				PRODUCT_NAME = "$(TARGET_NAME)";
				TEST_HOST = "$(BUILT_PRODUCTS_DIR)/Pitch Perfect.app/Pitch Perfect";
			};
			name = Debug;
		};
		DA8A16C51A3750C900595A94 /* Release */ = {
			isa = XCBuildConfiguration;
			buildSettings = {
				BUNDLE_LOADER = "$(TEST_HOST)";
				FRAMEWORK_SEARCH_PATHS = (
					"$(SDKROOT)/Developer/Library/Frameworks",
					"$(inherited)",
				);
				INFOPLIST_FILE = "Pitch PerfectTests/Info.plist";
				LD_RUNPATH_SEARCH_PATHS = "$(inherited) @executable_path/Frameworks @loader_path/Frameworks";
				PRODUCT_NAME = "$(TARGET_NAME)";
				TEST_HOST = "$(BUILT_PRODUCTS_DIR)/Pitch Perfect.app/Pitch Perfect";
			};
			name = Release;
		};
/* End XCBuildConfiguration section */

/* Begin XCConfigurationList section */
		DA8A169C1A3750C900595A94 /* Build configuration list for PBXProject "Pitch Perfect" */ = {
			isa = XCConfigurationList;
			buildConfigurations = (
				DA8A16BE1A3750C900595A94 /* Debug */,
				DA8A16BF1A3750C900595A94 /* Release */,
			);
			defaultConfigurationIsVisible = 0;
			defaultConfigurationName = Release;
		};
		DA8A16C01A3750C900595A94 /* Build configuration list for PBXNativeTarget "Pitch Perfect" */ = {
			isa = XCConfigurationList;
			buildConfigurations = (
				DA8A16C11A3750C900595A94 /* Debug */,
				DA8A16C21A3750C900595A94 /* Release */,
			);
			defaultConfigurationIsVisible = 0;
		};
		DA8A16C31A3750C900595A94 /* Build configuration list for PBXNativeTarget "Pitch PerfectTests" */ = {
			isa = XCConfigurationList;
			buildConfigurations = (
				DA8A16C41A3750C900595A94 /* Debug */,
				DA8A16C51A3750C900595A94 /* Release */,
			);
			defaultConfigurationIsVisible = 0;
		};
/* End XCConfigurationList section */
	};
	rootObject = DA8A16991A3750C900595A94 /* Project object */;
}
